
Microsoft Visual Studio Solution File, Format Version 12.00
# Visual Studio Version 16
VisualStudioVersion = 16.0.30907.101
MinimumVisualStudioVersion = 10.0.40219.1
Project("{FAE04EC0-301F-11D3-BF4B-00C04F79EFBC}") = "BringHere", "BringHere\BringHere.csproj", "{A648CE0B-ACAB-4288-AF07-4FE9EE6A873D}"
EndProject
Global
	GlobalSection(SolutionConfigurationPlatforms) = preSolution
		Debug|Any CPU = Debug|Any CPU
		Release|Any CPU = Release|Any CPU
	EndGlobalSection
	GlobalSection(ProjectConfigurationPlatforms) = postSolution
		{A648CE0B-ACAB-4288-AF07-4FE9EE6A873D}.Debug|Any CPU.ActiveCfg = Debug|Any CPU
		{A648CE0B-ACAB-4288-AF07-4FE9EE6A873D}.Debug|Any CPU.Build.0 = Debug|Any CPU
		{A648CE0B-ACAB-4288-AF07-4FE9EE6A873D}.Release|Any CPU.ActiveCfg = Release|Any CPU
		{A648CE0B-ACAB-4288-AF07-4FE9EE6A873D}.Release|Any CPU.Build.0 = Release|Any CPU
	EndGlobalSection
	GlobalSection(SolutionProperties) = preSolution
		HideSolutionNode = FALSE
	EndGlobalSection
	GlobalSection(ExtensibilityGlobals) = postSolution
		SolutionGuid = {D8B00509-56C7-4C62-99B8-E06C7FFC1724}
	EndGlobalSection
EndGlobal
